// !$*UTF8*$!
{
	archiveVersion = 1;
	classes = {
	};
	objectVersion = 50;
	objects = {

/* Begin PBXBuildFile section */
		2CCFFE9520AB0C9C00AC839D /* AppDelegate.swift in Sources */ = {isa = PBXBuildFile; fileRef = 2CCFFE9420AB0C9C00AC839D /* AppDelegate.swift */; };
		2CCFFE9720AB0C9C00AC839D /* ViewController.swift in Sources */ = {isa = PBXBuildFile; fileRef = 2CCFFE9620AB0C9C00AC839D /* ViewController.swift */; };
		2CCFFE9A20AB0C9C00AC839D /* Main.storyboard in Resources */ = {isa = PBXBuildFile; fileRef = 2CCFFE9820AB0C9C00AC839D /* Main.storyboard */; };
		2CCFFE9C20AB0C9D00AC839D /* Assets.xcassets in Resources */ = {isa = PBXBuildFile; fileRef = 2CCFFE9B20AB0C9D00AC839D /* Assets.xcassets */; };
		2CCFFE9F20AB0C9D00AC839D /* LaunchScreen.storyboard in Resources */ = {isa = PBXBuildFile; fileRef = 2CCFFE9D20AB0C9D00AC839D /* LaunchScreen.storyboard */; };
/* End PBXBuildFile section */

/* Begin PBXFileReference section */
		2CCFFE9120AB0C9C00AC839D /* Signos.app */ = {isa = PBXFileReference; explicitFileType = wrapper.application; includeInIndex = 0; path = Signos.app; sourceTree = BUILT_PRODUCTS_DIR; };
		2CCFFE9420AB0C9C00AC839D /* AppDelegate.swift */ = {isa = PBXFileReference; lastKnownFileType = sourcecode.swift; path = AppDelegate.swift; sourceTree = "<group>"; };
		2CCFFE9620AB0C9C00AC839D /* ViewController.swift */ = {isa = PBXFileReference; lastKnownFileType = sourcecode.swift; path = ViewController.swift; sourceTree = "<group>"; };
		2CCFFE9920AB0C9C00AC839D /* Base */ = {isa = PBXFileReference; lastKnownFileType = file.storyboard; name = Base; path = Base.lproj/Main.storyboard; sourceTree = "<group>"; };
		2CCFFE9B20AB0C9D00AC839D /* Assets.xcassets */ = {isa = PBXFileReference; lastKnownFileType = folder.assetcatalog; path = Assets.xcassets; sourceTree = "<group>"; };
		2CCFFE9E20AB0C9D00AC839D /* Base */ = {isa = PBXFileReference; lastKnownFileType = file.storyboard; name = Base; path = Base.lproj/LaunchScreen.storyboard; sourceTree = "<group>"; };
		2CCFFEA020AB0C9D00AC839D /* Info.plist */ = {isa = PBXFileReference; lastKnownFileType = text.plist.xml; path = Info.plist; sourceTree = "<group>"; };
/* End PBXFileReference section */

/* Begin PBXFrameworksBuildPhase section */
		2CCFFE8E20AB0C9C00AC839D /* Frameworks */ = {
			isa = PBXFrameworksBuildPhase;
			buildActionMask = 2147483647;
			files = (
			);
			runOnlyForDeploymentPostprocessing = 0;
		};
/* End PBXFrameworksBuildPhase section */

/* Begin PBXGroup section */
		2CCFFE8820AB0C9C00AC839D = {
			isa = PBXGroup;
			children = (
				2CCFFE9320AB0C9C00AC839D /* Signos */,
				2CCFFE9220AB0C9C00AC839D /* Products */,
			);
			sourceTree = "<group>";
		};
		2CCFFE9220AB0C9C00AC839D /* Products */ = {
			isa = PBXGroup;
			children = (
				2CCFFE9120AB0C9C00AC839D /* Signos.app */,
			);
			name = Products;
			sourceTree = "<group>";
		};
		2CCFFE9320AB0C9C00AC839D /* Signos */ = {
			isa = PBXGroup;
			children = (
				2CCFFE9420AB0C9C00AC839D /* AppDelegate.swift */,
				2CCFFE9620AB0C9C00AC839D /* ViewController.swift */,
				2CCFFE9820AB0C9C00AC839D /* Main.storyboard */,
				2CCFFE9B20AB0C9D00AC839D /* Assets.xcassets */,
				2CCFFE9D20AB0C9D00AC839D /* LaunchScreen.storyboard */,
				2CCFFEA020AB0C9D00AC839D /* Info.plist */,
			);
			path = Signos;
			sourceTree = "<group>";
		};
/* End PBXGroup section */

/* Begin PBXNativeTarget section */
		2CCFFE9020AB0C9C00AC839D /* Signos */ = {
			isa = PBXNativeTarget;
			buildConfigurationList = 2CCFFEA320AB0C9D00AC839D /* Build configuration list for PBXNativeTarget "Signos" */;
			buildPhases = (
				2CCFFE8D20AB0C9C00AC839D /* Sources */,
				2CCFFE8E20AB0C9C00AC839D /* Frameworks */,
				2CCFFE8F20AB0C9C00AC839D /* Resources */,
			);
			buildRules = (
			);
			dependencies = (
			);
			name = Signos;
			productName = Signos;
			productReference = 2CCFFE9120AB0C9C00AC839D /* Signos.app */;
			productType = "com.apple.product-type.application";
		};
/* End PBXNativeTarget section */

/* Begin PBXProject section */
		2CCFFE8920AB0C9C00AC839D /* Project object */ = {
			isa = PBXProject;
			attributes = {
				LastSwiftUpdateCheck = 0930;
				LastUpgradeCheck = 0930;
				ORGANIZATIONNAME = "Renato Godinho";
				TargetAttributes = {
					2CCFFE9020AB0C9C00AC839D = {
						CreatedOnToolsVersion = 9.3;
					};
				};
			};
			buildConfigurationList = 2CCFFE8C20AB0C9C00AC839D /* Build configuration list for PBXProject "Signos" */;
			compatibilityVersion = "Xcode 9.3";
			developmentRegion = en;
			hasScannedForEncodings = 0;
			knownRegions = (
				en,
				Base,
			);
			mainGroup = 2CCFFE8820AB0C9C00AC839D;
			productRefGroup = 2CCFFE9220AB0C9C00AC839D /* Products */;
			projectDirPath = "";
			projectRoot = "";
			targets = (
				2CCFFE9020AB0C9C00AC839D /* Signos */,
			);
		};
/* End PBXProject section */

/* Begin PBXResourcesBuildPhase section */
		2CCFFE8F20AB0C9C00AC839D /* Resources */ = {
			isa = PBXResourcesBuildPhase;
			buildActionMask = 2147483647;
			files = (
				2CCFFE9F20AB0C9D00AC839D /* LaunchScreen.storyboard in Resources */,
				2CCFFE9C20AB0C9D00AC839D /* Assets.xcassets in Resources */,
				2CCFFE9A20AB0C9C00AC839D /* Main.storyboard in Resources */,
			);
			runOnlyForDeploymentPostprocessing = 0;
		};
/* End PBXResourcesBuildPhase section */

/* Begin PBXSourcesBuildPhase section */
		2CCFFE8D20AB0C9C00AC839D /* Sources */ = {
			isa = PBXSourcesBuildPhase;
			buildActionMask = 2147483647;
			files = (
				2CCFFE9720AB0C9C00AC839D /* ViewController.swift in Sources */,
				2CCFFE9520AB0C9C00AC839D /* AppDelegate.swift in Sources */,
			);
			runOnlyForDeploymentPostprocessing = 0;
		};
/* End PBXSourcesBuildPhase section */

/* Begin PBXVariantGroup section */
		2CCFFE9820AB0C9C00AC839D /* Main.storyboard */ = {
			isa = PBXVariantGroup;
			children = (
				2CCFFE9920AB0C9C00AC839D /* Base */,
			);
			name = Main.storyboard;
			sourceTree = "<group>";
		};
		2CCFFE9D20AB0C9D00AC839D /* LaunchScreen.storyboard */ = {
			isa = PBXVariantGroup;
			children = (
				2CCFFE9E20AB0C9D00AC839D /* Base */,
			);
			name = LaunchScreen.storyboard;
			sourceTree = "<group>";
		};
/* End PBXVariantGroup section */

/* Begin XCBuildConfiguration section */
		2CCFFEA120AB0C9D00AC839D /* Debug */ = {
			isa = XCBuildConfiguration;
			buildSettings = {
				ALWAYS_SEARCH_USER_PATHS = NO;
				CLANG_ANALYZER_NONNULL = YES;
				CLANG_ANALYZER_NUMBER_OBJECT_CONVERSION = YES_AGGRESSIVE;
				CLANG_CXX_LANGUAGE_STANDARD = "gnu++14";
				CLANG_CXX_LIBRARY = "libc++";
				CLANG_ENABLE_MODULES = YES;
				CLANG_ENABLE_OBJC_ARC = YES;
				CLANG_ENABLE_OBJC_WEAK = YES;
				CLANG_WARN_BLOCK_CAPTURE_AUTORELEASING = YES;
				CLANG_WARN_BOOL_CONVERSION = YES;
				CLANG_WARN_COMMA = YES;
				CLANG_WARN_CONSTANT_CONVERSION = YES;
				CLANG_WARN_DEPRECATED_OBJC_IMPLEMENTATIONS = YES;
				CLANG_WARN_DIRECT_OBJC_ISA_USAGE = YES_ERROR;
				CLANG_WARN_DOCUMENTATION_COMMENTS = YES;
				CLANG_WARN_EMPTY_BODY = YES;
				CLANG_WARN_ENUM_CONVERSION = YES;
				CLANG_WARN_INFINITE_RECURSION = YES;
				CLANG_WARN_INT_CONVERSION = YES;
				CLANG_WARN_NON_LITERAL_NULL_CONVERSION = YES;
				CLANG_WARN_OBJC_IMPLICIT_RETAIN_SELF = YES;
				CLANG_WARN_OBJC_LITERAL_CONVERSION = YES;
				CLANG_WARN_OBJC_ROOT_CLASS = YES_ERROR;
				CLANG_WARN_RANGE_LOOP_ANALYSIS = YES;
				CLANG_WARN_STRICT_PROTOTYPES = YES;
				CLANG_WARN_SUSPICIOUS_MOVE = YES;
				CLANG_WARN_UNGUARDED_AVAILABILITY = YES_AGGRESSIVE;
				CLANG_WARN_UNREACHABLE_CODE = YES;
				CLANG_WARN__DUPLICATE_METHOD_MATCH = YES;
				CODE_SIGN_IDENTITY = "iPhone Developer";
				COPY_PHASE_STRIP = NO;
				DEBUG_INFORMATION_FORMAT = dwarf;
				ENABLE_STRICT_OBJC_MSGSEND = YES;
				ENABLE_TESTABILITY = YES;
				GCC_C_LANGUAGE_STANDARD = gnu11;
				GCC_DYNAMIC_NO_PIC = NO;
				GCC_NO_COMMON_BLOCKS = YES;
				GCC_OPTIMIZATION_LEVEL = 0;
				GCC_PREPROCESSOR_DEFINITIONS = (
					"DEBUG=1",
					"$(inherited)",
				);
				GCC_WARN_64_TO_32_BIT_CONVERSION = YES;
				GCC_WARN_ABOUT_RETURN_TYPE = YES_ERROR;
				GCC_WARN_UNDECLARED_SELECTOR = YES;
				GCC_WARN_UNINITIALIZED_AUTOS = YES_AGGRESSIVE;
				GCC_WARN_UNUSED_FUNCTION = YES;
				GCC_WARN_UNUSED_VARIABLE = YES;
				IPHONEOS_DEPLOYMENT_TARGET = 11.3;
				MTL_ENABLE_DEBUG_INFO = YES;
				ONLY_ACTIVE_ARCH = YES;
				SDKROOT = iphoneos;
				SWIFT_ACTIVE_COMPILATION_CONDITIONS = DEBUG;
				SWIFT_OPTIMIZATION_LEVEL = "-Onone";
			};
			name = Debug;
		};
		2CCFFEA220AB0C9D00AC839D /* Release */ = {
			isa = XCBuildConfiguration;
			buildSettings = {
				ALWAYS_SEARCH_USER_PATHS = NO;
				CLANG_ANALYZER_NONNULL = YES;
				CLANG_ANALYZER_NUMBER_OBJECT_CONVERSION = YES_AGGRESSIVE;
				CLANG_CXX_LANGUAGE_STANDARD = "gnu++14";
				CLANG_CXX_LIBRARY = "libc++";
				CLANG_ENABLE_MODULES = YES;
				CLANG_ENABLE_OBJC_ARC = YES;
				CLANG_ENABLE_OBJC_WEAK = YES;
				CLANG_WARN_BLOCK_CAPTURE_AUTORELEASING = YES;
				CLANG_WARN_BOOL_CONVERSION = YES;
				CLANG_WARN_COMMA = YES;
				CLANG_WARN_CONSTANT_CONVERSION = YES;
				CLANG_WARN_DEPRECATED_OBJC_IMPLEMENTATIONS = YES;
				CLANG_WARN_DIRECT_OBJC_ISA_USAGE = YES_ERROR;
				CLANG_WARN_DOCUMENTATION_COMMENTS = YES;
				CLANG_WARN_EMPTY_BODY = YES;
				CLANG_WARN_ENUM_CONVERSION = YES;
				CLANG_WARN_INFINITE_RECURSION = YES;
				CLANG_WARN_INT_CONVERSION = YES;
				CLANG_WARN_NON_LITERAL_NULL_CONVERSION = YES;
				CLANG_WARN_OBJC_IMPLICIT_RETAIN_SELF = YES;
				CLANG_WARN_OBJC_LITERAL_CONVERSION = YES;
				CLANG_WARN_OBJC_ROOT_CLASS = YES_ERROR;
				CLANG_WARN_RANGE_LOOP_ANALYSIS = YES;
				CLANG_WARN_STRICT_PROTOTYPES = YES;
				CLANG_WARN_SUSPICIOUS_MOVE = YES;
				CLANG_WARN_UNGUARDED_AVAILABILITY = YES_AGGRESSIVE;
				CLANG_WARN_UNREACHABLE_CODE = YES;
				CLANG_WARN__DUPLICATE_METHOD_MATCH = YES;
				CODE_SIGN_IDENTITY = "iPhone Developer";
				COPY_PHASE_STRIP = NO;
				DEBUG_INFORMATION_FORMAT = "dwarf-with-dsym";
				ENABLE_NS_ASSERTIONS = NO;
				ENABLE_STRICT_OBJC_MSGSEND = YES;
				GCC_C_LANGUAGE_STANDARD = gnu11;
				GCC_NO_COMMON_BLOCKS = YES;
				GCC_WARN_64_TO_32_BIT_CONVERSION = YES;
				GCC_WARN_ABOUT_RETURN_TYPE = YES_ERROR;
				GCC_WARN_UNDECLARED_SELECTOR = YES;
				GCC_WARN_UNINITIALIZED_AUTOS = YES_AGGRESSIVE;
				GCC_WARN_UNUSED_FUNCTION = YES;
				GCC_WARN_UNUSED_VARIABLE = YES;
				IPHONEOS_DEPLOYMENT_TARGET = 11.3;
				MTL_ENABLE_DEBUG_INFO = NO;
				SDKROOT = iphoneos;
				SWIFT_COMPILATION_MODE = wholemodule;
				SWIFT_OPTIMIZATION_LEVEL = "-O";
				VALIDATE_PRODUCT = YES;
			};
			name = Release;
		};
		2CCFFEA420AB0C9D00AC839D /* Debug */ = {
			isa = XCBuildConfiguration;
			buildSettings = {
				ASSETCATALOG_COMPILER_APPICON_NAME = AppIcon;
				CODE_SIGN_STYLE = Automatic;
				INFOPLIST_FILE = Signos/Info.plist;
				LD_RUNPATH_SEARCH_PATHS = (
					"$(inherited)",
					"@executable_path/Frameworks",
				);
				PRODUCT_BUNDLE_IDENTIFIER = br.com.renatogodinho.Signos;
				PRODUCT_NAME = "$(TARGET_NAME)";
				SWIFT_VERSION = 4.0;
				TARGETED_DEVICE_FAMILY = "1,2";
			};
			name = Debug;
		};
		2CCFFEA520AB0C9D00AC839D /* Release */ = {
			isa = XCBuildConfiguration;
			buildSettings = {
				ASSETCATALOG_COMPILER_APPICON_NAME = AppIcon;
				CODE_SIGN_STYLE = Automatic;
				INFOPLIST_FILE = Signos/Info.plist;
				LD_RUNPATH_SEARCH_PATHS = (
					"$(inherited)",
					"@executable_path/Frameworks",
				);
				PRODUCT_BUNDLE_IDENTIFIER = br.com.renatogodinho.Signos;
				PRODUCT_NAME = "$(TARGET_NAME)";
				SWIFT_VERSION = 4.0;
				TARGETED_DEVICE_FAMILY = "1,2";
			};
			name = Release;
		};
/* End XCBuildConfiguration section */

/* Begin XCConfigurationList section */
		2CCFFE8C20AB0C9C00AC839D /* Build configuration list for PBXProject "Signos" */ = {
			isa = XCConfigurationList;
			buildConfigurations = (
				2CCFFEA120AB0C9D00AC839D /* Debug */,
				2CCFFEA220AB0C9D00AC839D /* Release */,
			);
			defaultConfigurationIsVisible = 0;
			defaultConfigurationName = Release;
		};
		2CCFFEA320AB0C9D00AC839D /* Build configuration list for PBXNativeTarget "Signos" */ = {
			isa = XCConfigurationList;
			buildConfigurations = (
				2CCFFEA420AB0C9D00AC839D /* Debug */,
				2CCFFEA520AB0C9D00AC839D /* Release */,
			);
			defaultConfigurationIsVisible = 0;
			defaultConfigurationName = Release;
		};
/* End XCConfigurationList section */
	};
	rootObject = 2CCFFE8920AB0C9C00AC839D /* Project object */;
}
